lockfileVersion: '9.0'

settings:
  autoInstallPeers: true
  excludeLinksFromLockfile: false

catalogs:
  default:
    tslib:
      specifier: ^2.6.3
      version: 2.6.3
    typescript:
      specifier: ^5.5.4
      version: 5.5.4

importers:

  .:
    devDependencies:
      typescript:
        specifier: 'catalog:'
        version: 5.5.4

  packages/hc-forms:
    devDependencies:
      tslib:
        specifier: 'catalog:'
        version: 2.6.3
      typescript:
        specifier: 'catalog:'
        version: 5.5.4

packages:

  tslib@2.6.3:
    resolution: {integrity: sha512-xNvxJEOUiWPGhUuUdQgAJPKOOJfGnIyKySOc09XkKsgdUV/3E2zvwZYdejjmRgPCgcym1juLH3226yA7sEFJKQ==}

  typescript@5.5.4:
    resolution: {integrity: sha512-Mtq29sKDAEYP7aljRgtPOpTvOfbwRWlS6dPRzwjdE+C0R4brX/GUyhHSecbHMFLNBLcJIPt9nl9yG5TZ1weH+Q==}
    engines: {node: '>=14.17'}
    hasBin: true

snapshots:

  tslib@2.6.3: {}

  typescript@5.5.4: {}
